
Microsoft Visual Studio Solution File, Format Version 12.00
# Visual Studio Version 17
VisualStudioVersion = 17.7.34031.279
MinimumVisualStudioVersion = 10.0.40219.1
Project("{FAE04EC0-301F-11D3-BF4B-00C04F79EFBC}") = "test2", "test2\test2.csproj", "{6DA82700-AACE-43AC-9D64-8B5BFC02FD76}"
EndProject
Global
	GlobalSection(SolutionConfigurationPlatforms) = preSolution
		Debug|Any CPU = Debug|Any CPU
		Release|Any CPU = Release|Any CPU
	EndGlobalSection
	GlobalSection(ProjectConfigurationPlatforms) = postSolution
		{6DA82700-AACE-43AC-9D64-8B5BFC02FD76}.Debug|Any CPU.ActiveCfg = Debug|Any CPU
		{6DA82700-AACE-43AC-9D64-8B5BFC02FD76}.Debug|Any CPU.Build.0 = Debug|Any CPU
		{6DA82700-AACE-43AC-9D64-8B5BFC02FD76}.Release|Any CPU.ActiveCfg = Release|Any CPU
		{6DA82700-AACE-43AC-9D64-8B5BFC02FD76}.Release|Any CPU.Build.0 = Release|Any CPU
	EndGlobalSection
	GlobalSection(SolutionProperties) = preSolution
		HideSolutionNode = FALSE
	EndGlobalSection
	GlobalSection(ExtensibilityGlobals) = postSolution
		SolutionGuid = {86CD84BA-C3D9-461F-AC7D-ED971BB3879C}
	EndGlobalSection
EndGlobal
